{
  "nodes": {
    "home-manager": {
      "inputs": {
        "nixpkgs": [
          "nixpkgs"
        ]
      },
      "locked": {
        "lastModified": 1784350909,
        "narHash": "sha256-ZWyzLbS1yKUTeFJLmdVuWNnHttL333/ldJbEE+KzCrM=",
        "owner": "nix-community",
        "repo": "home-manager",
        "rev": "4ce190229c73d44536caa7072f6308fb2d8feeb3",
        "type": "github"
      },
      "original": {
        "owner": "nix-community",
        "ref": "release-26.05",
        "repo": "home-manager",
        "type": "github"
      }
    },
    "homelab-network": {
      "inputs": {
        "nixpkgs": [
          "nixpkgs"
        ]
      },
      "locked": {
        "lastModified": 1784073736,
        "narHash": "sha256-rRK6kEOV/pcONeOht22Suye6o09BbEWM1HCUPPWnYpU=",
        "ref": "refs/heads/main",
        "rev": "3889105859010df13f157b9a4f1fcc42237f40e6",
        "revCount": 6,
        "type": "git",
        "url": "ssh://git@github.com/scott96707/homelab-network"
      },
      "original": {
        "type": "git",
        "url": "ssh://git@github.com/scott96707/homelab-network"
      }
    },
    "manga-aggregator": {
      "inputs": {
        "nixpkgs": [
          "nixpkgs"
        ]
      },
      "locked": {
        "lastModified": 1784637582,
        "narHash": "sha256-RYUMDolbaCresxsM+Iioyl7Du+LhEqKI0dn9ajSPYec=",
        "ref": "refs/heads/main",
        "rev": "98bf4572e6cba0c716ef996e27d697b50c686a40",
        "revCount": 25,
        "type": "git",
        "url": "ssh://git@github.com/scott96707/manga-aggregator"
      },
      "original": {
        "type": "git",
        "url": "ssh://git@github.com/scott96707/manga-aggregator"
      }
    },
    "media-server": {
      "inputs": {
        "nixpkgs": [
          "nixpkgs"
        ]
      },
      "locked": {
        "lastModified": 1784505323,
        "narHash": "sha256-L5bsrP0cvG/KIkqrRv2761thQFSzxN+Sn9Ijev8hh8s=",
        "ref": "refs/heads/main",
        "rev": "852b0a6fa2cf4223a390197d968eb4510a2fc621",
        "revCount": 14,
        "type": "git",
        "url": "ssh://git@github.com/scott96707/media-server"
      },
      "original": {
        "type": "git",
        "url": "ssh://git@github.com/scott96707/media-server"
      }
    },
    "nix-darwin": {
      "inputs": {
        "nixpkgs": [
          "nixpkgs"
        ]
      },
      "locked": {
        "lastModified": 1783744694,
        "narHash": "sha256-2cp6N3rrwnGYLTx9l6N+NI+kwrCWxvJUbj5WJhvB29A=",
        "owner": "LnL7",
        "repo": "nix-darwin",
        "rev": "c3e90c89649b07d1a96e4b9dd6cd0d6e44b91a74",
        "type": "github"
      },
      "original": {
        "owner": "LnL7",
        "ref": "nix-darwin-26.05",
        "repo": "nix-darwin",
        "type": "github"
      }
    },
    "nix-vscode-extensions": {
      "inputs": {
        "nixpkgs": [
          "nixpkgs"
        ]
      },
      "locked": {
        "lastModified": 1784603886,
        "narHash": "sha256-AwdtZq1mpXZCfn+C2NOBTO7i0H4eGIj6dH9XXkO3Kus=",
        "owner": "nix-community",
        "repo": "nix-vscode-extensions",
        "rev": "3bc93178a45e4327bdcf91f2c9158701937abdf3",
        "type": "github"
      },
      "original": {
        "owner": "nix-community",
        "repo": "nix-vscode-extensions",
        "type": "github"
      }
    },
    "nixpkgs": {
      "locked": {
        "lastModified": 1784432872,
        "narHash": "sha256-n3gKTBIV4ZA5VQpUakffBe3KGu4+mhPoA34rrqS0GkA=",
        "owner": "nixos",
        "repo": "nixpkgs",
        "rev": "fd1462031fdee08f65fd0b4c6b64e22239a77870",
        "type": "github"
      },
      "original": {
        "owner": "nixos",
        "ref": "nixos-26.05",
        "repo": "nixpkgs",
        "type": "github"
      }
    },
    "root": {
      "inputs": {
        "home-manager": "home-manager",
        "homelab-network": "homelab-network",
        "manga-aggregator": "manga-aggregator",
        "media-server": "media-server",
        "nix-darwin": "nix-darwin",
        "nix-vscode-extensions": "nix-vscode-extensions",
        "nixpkgs": "nixpkgs",
        "sops-nix": "sops-nix"
      }
    },
    "sops-nix": {
      "inputs": {
        "nixpkgs": [
          "nixpkgs"
        ]
      },
      "locked": {
        "lastModified": 1783174389,
        "narHash": "sha256-aCWC8ngycU7OdJrU2+Je3qf+1a2ykuBvpPhZT/9tXMc=",
        "owner": "Mic92",
        "repo": "sops-nix",
        "rev": "f1406619a3884cd5c47992a70b8b35c9c0fcb4c9",
        "type": "github"
      },
      "original": {
        "owner": "Mic92",
        "repo": "sops-nix",
        "type": "github"
      }
    }
  },
  "root": "root",
  "version": 7
}
