{
  "nodes": {
    "home-manager": {
      "inputs": {
        "nixpkgs": [
          "nixpkgs"
        ]
      },
      "locked": {
        "lastModified": 1783221248,
        "narHash": "sha256-ESQnuNHEDChsB4IxoLRhscVahqkDWkTb+qdIz8euYt4=",
        "owner": "nix-community",
        "repo": "home-manager",
        "rev": "af2beae5f0fae0a4310cc0e6aef2572f56090353",
        "type": "github"
      },
      "original": {
        "owner": "nix-community",
        "ref": "release-26.05",
        "repo": "home-manager",
        "type": "github"
      }
    },
    "homelab-network": {
      "inputs": {
        "nixpkgs": [
          "nixpkgs"
        ]
      },
      "locked": {
        "lastModified": 1784073048,
        "narHash": "sha256-PnXrEoXeWdHvh4M7OclUgodtAfC/xFWGL7RTG/ItYe8=",
        "ref": "refs/heads/main",
        "rev": "b09ece0b5114b1b898db9e253de76125ba18509f",
        "revCount": 5,
        "type": "git",
        "url": "ssh://git@github.com/scott96707/homelab-network"
      },
      "original": {
        "type": "git",
        "url": "ssh://git@github.com/scott96707/homelab-network"
      }
    },
    "manga-aggregator": {
      "inputs": {
        "nixpkgs": [
          "nixpkgs"
        ]
      },
      "locked": {
        "lastModified": 1784431458,
        "narHash": "sha256-yiIu+qDZ4TAJWlXUvO5R9PqoYp6KX72IB8ufItjWTA0=",
        "ref": "refs/heads/main",
        "rev": "a333e44d068cf55b428401ceb1010eaae91ab3d9",
        "revCount": 17,
        "type": "git",
        "url": "ssh://git@github.com/scott96707/manga-aggregator"
      },
      "original": {
        "type": "git",
        "url": "ssh://git@github.com/scott96707/manga-aggregator"
      }
    },
    "media-server": {
      "inputs": {
        "nixpkgs": [
          "nixpkgs"
        ]
      },
      "locked": {
        "lastModified": 1783981573,
        "narHash": "sha256-6awWYFi0mz/3YM7MFGYlYyQtv/lVYodjqA5xjn7i1e8=",
        "ref": "refs/heads/main",
        "rev": "9b205c7687b01f38a60d9246aa0f6ea7a7e52a5f",
        "revCount": 8,
        "type": "git",
        "url": "ssh://git@github.com/scott96707/media-server"
      },
      "original": {
        "type": "git",
        "url": "ssh://git@github.com/scott96707/media-server"
      }
    },
    "nix-darwin": {
      "inputs": {
        "nixpkgs": [
          "nixpkgs"
        ]
      },
      "locked": {
        "lastModified": 1781772065,
        "narHash": "sha256-xIbRSwDB1GBAUsWsQZUjudGfAGQt3BOpsWaO/ugVa4w=",
        "owner": "LnL7",
        "repo": "nix-darwin",
        "rev": "adda04f0bf4819575b1978c2f8d78401b3c2be12",
        "type": "github"
      },
      "original": {
        "owner": "LnL7",
        "ref": "nix-darwin-26.05",
        "repo": "nix-darwin",
        "type": "github"
      }
    },
    "nix-vscode-extensions": {
      "inputs": {
        "nixpkgs": [
          "nixpkgs"
        ]
      },
      "locked": {
        "lastModified": 1783568868,
        "narHash": "sha256-JDOHfb/kr6+QZGDMLfQkSjL2VNYZJJAZ3bjeLhPEeaU=",
        "owner": "nix-community",
        "repo": "nix-vscode-extensions",
        "rev": "d9ba7a11bb1d215da08df254a5c4f48c93f63a34",
        "type": "github"
      },
      "original": {
        "owner": "nix-community",
        "repo": "nix-vscode-extensions",
        "type": "github"
      }
    },
    "nixpkgs": {
      "locked": {
        "lastModified": 1783389287,
        "narHash": "sha256-0xIy4dVLqq47rA+mRy0hXDfjhQd4E5PoIns/RmB7nR4=",
        "owner": "nixos",
        "repo": "nixpkgs",
        "rev": "0ad6f47ea4fe188f4bc8f0380f93ae8523337c6c",
        "type": "github"
      },
      "original": {
        "owner": "nixos",
        "ref": "nixos-26.05",
        "repo": "nixpkgs",
        "type": "github"
      }
    },
    "root": {
      "inputs": {
        "home-manager": "home-manager",
        "homelab-network": "homelab-network",
        "manga-aggregator": "manga-aggregator",
        "media-server": "media-server",
        "nix-darwin": "nix-darwin",
        "nix-vscode-extensions": "nix-vscode-extensions",
        "nixpkgs": "nixpkgs",
        "sops-nix": "sops-nix"
      }
    },
    "sops-nix": {
      "inputs": {
        "nixpkgs": [
          "nixpkgs"
        ]
      },
      "locked": {
        "lastModified": 1783174389,
        "narHash": "sha256-aCWC8ngycU7OdJrU2+Je3qf+1a2ykuBvpPhZT/9tXMc=",
        "owner": "Mic92",
        "repo": "sops-nix",
        "rev": "f1406619a3884cd5c47992a70b8b35c9c0fcb4c9",
        "type": "github"
      },
      "original": {
        "owner": "Mic92",
        "repo": "sops-nix",
        "type": "github"
      }
    }
  },
  "root": "root",
  "version": 7
}
